
Microsoft Visual Studio Solution File, Format Version 12.00
# Visual Studio Version 16
VisualStudioVersion = 16.0.30804.86
MinimumVisualStudioVersion = 10.0.40219.1
Project("{FAE04EC0-301F-11D3-BF4B-00C04F79EFBC}") = "Parcial1-ap1-2018-0553", "Parcial1-ap1-2018-0553.csproj", "{6FB22D1E-63EC-47E6-8F48-9F26536A3D25}"
EndProject
Global
	GlobalSection(SolutionConfigurationPlatforms) = preSolution
		Debug|Any CPU = Debug|Any CPU
		Release|Any CPU = Release|Any CPU
	EndGlobalSection
	GlobalSection(ProjectConfigurationPlatforms) = postSolution
		{6FB22D1E-63EC-47E6-8F48-9F26536A3D25}.Debug|Any CPU.ActiveCfg = Debug|Any CPU
		{6FB22D1E-63EC-47E6-8F48-9F26536A3D25}.Debug|Any CPU.Build.0 = Debug|Any CPU
		{6FB22D1E-63EC-47E6-8F48-9F26536A3D25}.Release|Any CPU.ActiveCfg = Release|Any CPU
		{6FB22D1E-63EC-47E6-8F48-9F26536A3D25}.Release|Any CPU.Build.0 = Release|Any CPU
	EndGlobalSection
	GlobalSection(SolutionProperties) = preSolution
		HideSolutionNode = FALSE
	EndGlobalSection
	GlobalSection(ExtensibilityGlobals) = postSolution
		SolutionGuid = {4F1E97FC-377E-4E14-8B21-9C5D75F37620}
	EndGlobalSection
EndGlobal
